{
    "_meta": {
        "hash": {
            "sha256": "4c7a33c18639515092408276f88b059c01ace10ecf05fac632ada6867e167862"
        },
        "pipfile-spec": 6,
        "requires": {
            "python_version": "3.7"
        },
        "sources": [
            {
                "name": "pypi",
                "url": "https://pypi.org/simple",
                "verify_ssl": true
            }
        ]
    },
    "default": {
        "django": {
            "hashes": [
                "sha256:2484f115891ab1a0e9ae153602a641fbc15d7894c036d79fb78662c0965d7954",
                "sha256:2569f9dc5f8e458a5e988b03d6b7a02bda59b006d6782f4ea0fd590ed7336a64"
            ],
            "index": "pypi",
            "version": "==2.2.20"
        },
        "django-configurations": {
            "hashes": [
                "sha256:71d9acdff33aa034f0157b0b3d23629fe0cd499bf4d0b6d699b9ca0701d952e8",
                "sha256:e70433eeed10549d30bf5ca386c962505ff9f492893dd2483c52af536347adce"
            ],
            "index": "pypi",
            "version": "==2.1"
        },
        "django-debug-toolbar": {
            "hashes": [
                "sha256:17c53cd6bf4e7d69902aedf9a1d26c5d3b7369b54c5718744704f27b5a72f35d",
                "sha256:9a23ada2e43cd989195db3c18710b5d7451134a0d48127ab64c1d2ad81700342"
            ],
            "index": "pypi",
            "version": "==2.0"
        },
        "gunicorn": {
            "hashes": [
                "sha256:aa8e0b40b4157b36a5df5e599f45c9c76d6af43845ba3b3b0efe2c70473c2471",
                "sha256:fa2662097c66f920f53f70621c6c58ca4a3c4d3434205e608e121b5b3b71f4f3"
            ],
            "index": "pypi",
            "version": "==19.9.0"
        },
        "pytz": {
            "hashes": [
                "sha256:83a4a90894bf38e243cf052c8b58f381bfe9a7a483f6a9cab140bc7f702ac4da",
                "sha256:eb10ce3e7736052ed3623d49975ce333bcd712c7bb19a58b9e2089d4057d0798"
            ],
            "version": "==2021.1"
        },
        "sqlparse": {
            "hashes": [
                "sha256:017cde379adbd6a1f15a61873f43e8274179378e95ef3fede90b5aa64d304ed0",
                "sha256:0f91fd2e829c44362cbcfab3e9ae12e22badaa8a29ad5ff599f9ec109f0454e8"
            ],
            "version": "==0.4.1"
        }
    },
    "develop": {}
}
